
Microsoft Visual Studio Solution File, Format Version 12.00
# Visual Studio Version 17
VisualStudioVersion = 17.6.33829.357
MinimumVisualStudioVersion = 10.0.40219.1
Project("{FAE04EC0-301F-11D3-BF4B-00C04F79EFBC}") = "ExamSystem", "ExamSystem\ExamSystem.csproj", "{EFCEFBE9-B6E6-4889-B59A-19AC3EAF086D}"
EndProject
Global
	GlobalSection(SolutionConfigurationPlatforms) = preSolution
		Debug|Any CPU = Debug|Any CPU
		Release|Any CPU = Release|Any CPU
	EndGlobalSection
	GlobalSection(ProjectConfigurationPlatforms) = postSolution
		{EFCEFBE9-B6E6-4889-B59A-19AC3EAF086D}.Debug|Any CPU.ActiveCfg = Debug|Any CPU
		{EFCEFBE9-B6E6-4889-B59A-19AC3EAF086D}.Debug|Any CPU.Build.0 = Debug|Any CPU
		{EFCEFBE9-B6E6-4889-B59A-19AC3EAF086D}.Release|Any CPU.ActiveCfg = Release|Any CPU
		{EFCEFBE9-B6E6-4889-B59A-19AC3EAF086D}.Release|Any CPU.Build.0 = Release|Any CPU
	EndGlobalSection
	GlobalSection(SolutionProperties) = preSolution
		HideSolutionNode = FALSE
	EndGlobalSection
	GlobalSection(ExtensibilityGlobals) = postSolution
		SolutionGuid = {471AFDC3-B575-4AAB-A85A-72D437A13D67}
	EndGlobalSection
EndGlobal
